
Microsoft Visual Studio Solution File, Format Version 12.00
# Visual Studio Version 17
VisualStudioVersion = 17.0.31903.59
MinimumVisualStudioVersion = 10.0.40219.1
Project("{2150E333-8FDC-42A3-9474-1A3956D46DE8}") = "src", "src", "{827E0CD3-B72D-47B6-A68D-7590B98EB39B}"
EndProject
Project("{2150E333-8FDC-42A3-9474-1A3956D46DE8}") = "Shared", "Shared", "{C8E42992-5E42-0C2B-DBFE-AA848D06431C}"
EndProject
Project("{FAE04EC0-301F-11D3-BF4B-00C04F79EFBC}") = "Shared.Auth", "src\Shared\Shared.Auth\Shared.Auth.csproj", "{EEB666C3-ADF4-49A9-B77D-75791D5D629C}"
EndProject
Project("{FAE04EC0-301F-11D3-BF4B-00C04F79EFBC}") = "Shared.Contracts", "src\Shared\Shared.Contracts\Shared.Contracts.csproj", "{D86C6501-C456-46E4-97D3-1BF4B39B3A28}"
EndProject
Project("{FAE04EC0-301F-11D3-BF4B-00C04F79EFBC}") = "Shared.BuildingBlocks", "src\Shared\Shared.BuildingBlocks\Shared.BuildingBlocks.csproj", "{F2E93019-1389-4669-BAFE-C2F1FD0E5762}"
EndProject
Project("{FAE04EC0-301F-11D3-BF4B-00C04F79EFBC}") = "Ledger.Domain", "src\Ledger\Ledger.Domain\Ledger.Domain.csproj", "{136052B3-7473-4466-81C4-704C59879556}"
EndProject
Project("{FAE04EC0-301F-11D3-BF4B-00C04F79EFBC}") = "Ledger.Application", "src\Ledger\Ledger.Application\Ledger.Application.csproj", "{0A9BFB36-9A01-485B-BFB1-0F8BBB74004D}"
EndProject
Project("{FAE04EC0-301F-11D3-BF4B-00C04F79EFBC}") = "Ledger.Infrastructure", "src\Ledger\Ledger.Infrastructure\Ledger.Infrastructure.csproj", "{47CB46D0-6921-46DC-AA4E-AB55EE6C5FB7}"
EndProject
Project("{FAE04EC0-301F-11D3-BF4B-00C04F79EFBC}") = "Ledger.Api", "src\Ledger\Ledger.Api\Ledger.Api.csproj", "{D7C25F42-AAC9-4822-AA08-CF29FB47FCC7}"
EndProject
Project("{FAE04EC0-301F-11D3-BF4B-00C04F79EFBC}") = "Consolidation.Domain", "src\Consolidation\Consolidation.Domain\Consolidation.Domain.csproj", "{33A84B8C-2C84-4069-BF06-A575C5D38D58}"
EndProject
Project("{FAE04EC0-301F-11D3-BF4B-00C04F79EFBC}") = "Consolidation.Application", "src\Consolidation\Consolidation.Application\Consolidation.Application.csproj", "{63907FB4-2DE7-4AB9-8CB1-235D359CF63B}"
EndProject
Project("{FAE04EC0-301F-11D3-BF4B-00C04F79EFBC}") = "Consolidation.Infrastructure", "src\Consolidation\Consolidation.Infrastructure\Consolidation.Infrastructure.csproj", "{18558FCD-474B-4084-B780-D27C88F39745}"
EndProject
Project("{FAE04EC0-301F-11D3-BF4B-00C04F79EFBC}") = "Consolidation.Api", "src\Consolidation\Consolidation.Api\Consolidation.Api.csproj", "{F1C7B25A-4918-402C-9893-5F29D8864DFB}"
EndProject
Project("{FAE04EC0-301F-11D3-BF4B-00C04F79EFBC}") = "Ledger.UnitTests", "tests\Ledger.UnitTests\Ledger.UnitTests.csproj", "{BDBA7373-1C2D-40A5-BE44-910259978AD1}"
EndProject
Project("{FAE04EC0-301F-11D3-BF4B-00C04F79EFBC}") = "Ledger.ContractTests", "tests\Ledger.ContractTests\Ledger.ContractTests.csproj", "{D5117828-0D3A-47AB-A887-F516124C80E0}"
EndProject
Project("{FAE04EC0-301F-11D3-BF4B-00C04F79EFBC}") = "Consolidation.UnitTests", "tests\Consolidation.UnitTests\Consolidation.UnitTests.csproj", "{D6E2DA90-2B71-40DD-9A8A-3FAE0B9832AA}"
EndProject
Project("{FAE04EC0-301F-11D3-BF4B-00C04F79EFBC}") = "Consolidation.ContractTests", "tests\Consolidation.ContractTests\Consolidation.ContractTests.csproj", "{CF7BAECE-B75A-41CA-A663-3E7588DB0027}"
EndProject
Global
	GlobalSection(SolutionConfigurationPlatforms) = preSolution
		Debug|Any CPU = Debug|Any CPU
		Debug|x64 = Debug|x64
		Debug|x86 = Debug|x86
		Release|Any CPU = Release|Any CPU
		Release|x64 = Release|x64
		Release|x86 = Release|x86
	EndGlobalSection
	GlobalSection(ProjectConfigurationPlatforms) = postSolution
		{D86C6501-C456-46E4-97D3-1BF4B39B3A28}.Debug|Any CPU.ActiveCfg = Debug|Any CPU
		{D86C6501-C456-46E4-97D3-1BF4B39B3A28}.Debug|Any CPU.Build.0 = Debug|Any CPU
		{D86C6501-C456-46E4-97D3-1BF4B39B3A28}.Debug|x64.ActiveCfg = Debug|Any CPU
		{D86C6501-C456-46E4-97D3-1BF4B39B3A28}.Debug|x64.Build.0 = Debug|Any CPU
		{D86C6501-C456-46E4-97D3-1BF4B39B3A28}.Debug|x86.ActiveCfg = Debug|Any CPU
		{D86C6501-C456-46E4-97D3-1BF4B39B3A28}.Debug|x86.Build.0 = Debug|Any CPU
		{D86C6501-C456-46E4-97D3-1BF4B39B3A28}.Release|Any CPU.ActiveCfg = Release|Any CPU
		{D86C6501-C456-46E4-97D3-1BF4B39B3A28}.Release|Any CPU.Build.0 = Release|Any CPU
		{D86C6501-C456-46E4-97D3-1BF4B39B3A28}.Release|x64.ActiveCfg = Release|Any CPU
		{D86C6501-C456-46E4-97D3-1BF4B39B3A28}.Release|x64.Build.0 = Release|Any CPU
		{D86C6501-C456-46E4-97D3-1BF4B39B3A28}.Release|x86.ActiveCfg = Release|Any CPU
		{D86C6501-C456-46E4-97D3-1BF4B39B3A28}.Release|x86.Build.0 = Release|Any CPU
		{F2E93019-1389-4669-BAFE-C2F1FD0E5762}.Debug|Any CPU.ActiveCfg = Debug|Any CPU
		{F2E93019-1389-4669-BAFE-C2F1FD0E5762}.Debug|Any CPU.Build.0 = Debug|Any CPU
		{F2E93019-1389-4669-BAFE-C2F1FD0E5762}.Debug|x64.ActiveCfg = Debug|Any CPU
		{F2E93019-1389-4669-BAFE-C2F1FD0E5762}.Debug|x64.Build.0 = Debug|Any CPU
		{F2E93019-1389-4669-BAFE-C2F1FD0E5762}.Debug|x86.ActiveCfg = Debug|Any CPU
		{F2E93019-1389-4669-BAFE-C2F1FD0E5762}.Debug|x86.Build.0 = Debug|Any CPU
		{F2E93019-1389-4669-BAFE-C2F1FD0E5762}.Release|Any CPU.ActiveCfg = Release|Any CPU
		{F2E93019-1389-4669-BAFE-C2F1FD0E5762}.Release|Any CPU.Build.0 = Release|Any CPU
		{F2E93019-1389-4669-BAFE-C2F1FD0E5762}.Release|x64.ActiveCfg = Release|Any CPU
		{F2E93019-1389-4669-BAFE-C2F1FD0E5762}.Release|x64.Build.0 = Release|Any CPU
		{F2E93019-1389-4669-BAFE-C2F1FD0E5762}.Release|x86.ActiveCfg = Release|Any CPU
		{F2E93019-1389-4669-BAFE-C2F1FD0E5762}.Release|x86.Build.0 = Release|Any CPU
		{136052B3-7473-4466-81C4-704C59879556}.Debug|Any CPU.ActiveCfg = Debug|Any CPU
		{136052B3-7473-4466-81C4-704C59879556}.Debug|Any CPU.Build.0 = Debug|Any CPU
		{136052B3-7473-4466-81C4-704C59879556}.Debug|x64.ActiveCfg = Debug|Any CPU
		{136052B3-7473-4466-81C4-704C59879556}.Debug|x64.Build.0 = Debug|Any CPU
		{136052B3-7473-4466-81C4-704C59879556}.Debug|x86.ActiveCfg = Debug|Any CPU
		{136052B3-7473-4466-81C4-704C59879556}.Debug|x86.Build.0 = Debug|Any CPU
		{136052B3-7473-4466-81C4-704C59879556}.Release|Any CPU.ActiveCfg = Release|Any CPU
		{136052B3-7473-4466-81C4-704C59879556}.Release|Any CPU.Build.0 = Release|Any CPU
		{136052B3-7473-4466-81C4-704C59879556}.Release|x64.ActiveCfg = Release|Any CPU
		{136052B3-7473-4466-81C4-704C59879556}.Release|x64.Build.0 = Release|Any CPU
		{136052B3-7473-4466-81C4-704C59879556}.Release|x86.ActiveCfg = Release|Any CPU
		{136052B3-7473-4466-81C4-704C59879556}.Release|x86.Build.0 = Release|Any CPU
		{0A9BFB36-9A01-485B-BFB1-0F8BBB74004D}.Debug|Any CPU.ActiveCfg = Debug|Any CPU
		{0A9BFB36-9A01-485B-BFB1-0F8BBB74004D}.Debug|Any CPU.Build.0 = Debug|Any CPU
		{0A9BFB36-9A01-485B-BFB1-0F8BBB74004D}.Debug|x64.ActiveCfg = Debug|Any CPU
		{0A9BFB36-9A01-485B-BFB1-0F8BBB74004D}.Debug|x64.Build.0 = Debug|Any CPU
		{0A9BFB36-9A01-485B-BFB1-0F8BBB74004D}.Debug|x86.ActiveCfg = Debug|Any CPU
		{0A9BFB36-9A01-485B-BFB1-0F8BBB74004D}.Debug|x86.Build.0 = Debug|Any CPU
		{0A9BFB36-9A01-485B-BFB1-0F8BBB74004D}.Release|Any CPU.ActiveCfg = Release|Any CPU
		{0A9BFB36-9A01-485B-BFB1-0F8BBB74004D}.Release|Any CPU.Build.0 = Release|Any CPU
		{0A9BFB36-9A01-485B-BFB1-0F8BBB74004D}.Release|x64.ActiveCfg = Release|Any CPU
		{0A9BFB36-9A01-485B-BFB1-0F8BBB74004D}.Release|x64.Build.0 = Release|Any CPU
		{0A9BFB36-9A01-485B-BFB1-0F8BBB74004D}.Release|x86.ActiveCfg = Release|Any CPU
		{0A9BFB36-9A01-485B-BFB1-0F8BBB74004D}.Release|x86.Build.0 = Release|Any CPU
		{47CB46D0-6921-46DC-AA4E-AB55EE6C5FB7}.Debug|Any CPU.ActiveCfg = Debug|Any CPU
		{47CB46D0-6921-46DC-AA4E-AB55EE6C5FB7}.Debug|Any CPU.Build.0 = Debug|Any CPU
		{47CB46D0-6921-46DC-AA4E-AB55EE6C5FB7}.Debug|x64.ActiveCfg = Debug|Any CPU
		{47CB46D0-6921-46DC-AA4E-AB55EE6C5FB7}.Debug|x64.Build.0 = Debug|Any CPU
		{47CB46D0-6921-46DC-AA4E-AB55EE6C5FB7}.Debug|x86.ActiveCfg = Debug|Any CPU
		{47CB46D0-6921-46DC-AA4E-AB55EE6C5FB7}.Debug|x86.Build.0 = Debug|Any CPU
		{47CB46D0-6921-46DC-AA4E-AB55EE6C5FB7}.Release|Any CPU.ActiveCfg = Release|Any CPU
		{47CB46D0-6921-46DC-AA4E-AB55EE6C5FB7}.Release|Any CPU.Build.0 = Release|Any CPU
		{47CB46D0-6921-46DC-AA4E-AB55EE6C5FB7}.Release|x64.ActiveCfg = Release|Any CPU
		{47CB46D0-6921-46DC-AA4E-AB55EE6C5FB7}.Release|x64.Build.0 = Release|Any CPU
		{47CB46D0-6921-46DC-AA4E-AB55EE6C5FB7}.Release|x86.ActiveCfg = Release|Any CPU
		{47CB46D0-6921-46DC-AA4E-AB55EE6C5FB7}.Release|x86.Build.0 = Release|Any CPU
		{D7C25F42-AAC9-4822-AA08-CF29FB47FCC7}.Debug|Any CPU.ActiveCfg = Debug|Any CPU
		{D7C25F42-AAC9-4822-AA08-CF29FB47FCC7}.Debug|Any CPU.Build.0 = Debug|Any CPU
		{D7C25F42-AAC9-4822-AA08-CF29FB47FCC7}.Debug|x64.ActiveCfg = Debug|Any CPU
		{D7C25F42-AAC9-4822-AA08-CF29FB47FCC7}.Debug|x64.Build.0 = Debug|Any CPU
		{D7C25F42-AAC9-4822-AA08-CF29FB47FCC7}.Debug|x86.ActiveCfg = Debug|Any CPU
		{D7C25F42-AAC9-4822-AA08-CF29FB47FCC7}.Debug|x86.Build.0 = Debug|Any CPU
		{D7C25F42-AAC9-4822-AA08-CF29FB47FCC7}.Release|Any CPU.ActiveCfg = Release|Any CPU
		{D7C25F42-AAC9-4822-AA08-CF29FB47FCC7}.Release|Any CPU.Build.0 = Release|Any CPU
		{D7C25F42-AAC9-4822-AA08-CF29FB47FCC7}.Release|x64.ActiveCfg = Release|Any CPU
		{D7C25F42-AAC9-4822-AA08-CF29FB47FCC7}.Release|x64.Build.0 = Release|Any CPU
		{D7C25F42-AAC9-4822-AA08-CF29FB47FCC7}.Release|x86.ActiveCfg = Release|Any CPU
		{D7C25F42-AAC9-4822-AA08-CF29FB47FCC7}.Release|x86.Build.0 = Release|Any CPU
		{33A84B8C-2C84-4069-BF06-A575C5D38D58}.Debug|Any CPU.ActiveCfg = Debug|Any CPU
		{33A84B8C-2C84-4069-BF06-A575C5D38D58}.Debug|Any CPU.Build.0 = Debug|Any CPU
		{33A84B8C-2C84-4069-BF06-A575C5D38D58}.Debug|x64.ActiveCfg = Debug|Any CPU
		{33A84B8C-2C84-4069-BF06-A575C5D38D58}.Debug|x64.Build.0 = Debug|Any CPU
		{33A84B8C-2C84-4069-BF06-A575C5D38D58}.Debug|x86.ActiveCfg = Debug|Any CPU
		{33A84B8C-2C84-4069-BF06-A575C5D38D58}.Debug|x86.Build.0 = Debug|Any CPU
		{33A84B8C-2C84-4069-BF06-A575C5D38D58}.Release|Any CPU.ActiveCfg = Release|Any CPU
		{33A84B8C-2C84-4069-BF06-A575C5D38D58}.Release|Any CPU.Build.0 = Release|Any CPU
		{33A84B8C-2C84-4069-BF06-A575C5D38D58}.Release|x64.ActiveCfg = Release|Any CPU
		{33A84B8C-2C84-4069-BF06-A575C5D38D58}.Release|x64.Build.0 = Release|Any CPU
		{33A84B8C-2C84-4069-BF06-A575C5D38D58}.Release|x86.ActiveCfg = Release|Any CPU
		{33A84B8C-2C84-4069-BF06-A575C5D38D58}.Release|x86.Build.0 = Release|Any CPU
		{63907FB4-2DE7-4AB9-8CB1-235D359CF63B}.Debug|Any CPU.ActiveCfg = Debug|Any CPU
		{63907FB4-2DE7-4AB9-8CB1-235D359CF63B}.Debug|Any CPU.Build.0 = Debug|Any CPU
		{63907FB4-2DE7-4AB9-8CB1-235D359CF63B}.Debug|x64.ActiveCfg = Debug|Any CPU
		{63907FB4-2DE7-4AB9-8CB1-235D359CF63B}.Debug|x64.Build.0 = Debug|Any CPU
		{63907FB4-2DE7-4AB9-8CB1-235D359CF63B}.Debug|x86.ActiveCfg = Debug|Any CPU
		{63907FB4-2DE7-4AB9-8CB1-235D359CF63B}.Debug|x86.Build.0 = Debug|Any CPU
		{63907FB4-2DE7-4AB9-8CB1-235D359CF63B}.Release|Any CPU.ActiveCfg = Release|Any CPU
		{63907FB4-2DE7-4AB9-8CB1-235D359CF63B}.Release|Any CPU.Build.0 = Release|Any CPU
		{63907FB4-2DE7-4AB9-8CB1-235D359CF63B}.Release|x64.ActiveCfg = Release|Any CPU
		{63907FB4-2DE7-4AB9-8CB1-235D359CF63B}.Release|x64.Build.0 = Release|Any CPU
		{63907FB4-2DE7-4AB9-8CB1-235D359CF63B}.Release|x86.ActiveCfg = Release|Any CPU
		{63907FB4-2DE7-4AB9-8CB1-235D359CF63B}.Release|x86.Build.0 = Release|Any CPU
		{18558FCD-474B-4084-B780-D27C88F39745}.Debug|Any CPU.ActiveCfg = Debug|Any CPU
		{18558FCD-474B-4084-B780-D27C88F39745}.Debug|Any CPU.Build.0 = Debug|Any CPU
		{18558FCD-474B-4084-B780-D27C88F39745}.Debug|x64.ActiveCfg = Debug|Any CPU
		{18558FCD-474B-4084-B780-D27C88F39745}.Debug|x64.Build.0 = Debug|Any CPU
		{18558FCD-474B-4084-B780-D27C88F39745}.Debug|x86.ActiveCfg = Debug|Any CPU
		{18558FCD-474B-4084-B780-D27C88F39745}.Debug|x86.Build.0 = Debug|Any CPU
		{18558FCD-474B-4084-B780-D27C88F39745}.Release|Any CPU.ActiveCfg = Release|Any CPU
		{18558FCD-474B-4084-B780-D27C88F39745}.Release|Any CPU.Build.0 = Release|Any CPU
		{18558FCD-474B-4084-B780-D27C88F39745}.Release|x64.ActiveCfg = Release|Any CPU
		{18558FCD-474B-4084-B780-D27C88F39745}.Release|x64.Build.0 = Release|Any CPU
		{18558FCD-474B-4084-B780-D27C88F39745}.Release|x86.ActiveCfg = Release|Any CPU
		{18558FCD-474B-4084-B780-D27C88F39745}.Release|x86.Build.0 = Release|Any CPU
		{F1C7B25A-4918-402C-9893-5F29D8864DFB}.Debug|Any CPU.ActiveCfg = Debug|Any CPU
		{F1C7B25A-4918-402C-9893-5F29D8864DFB}.Debug|Any CPU.Build.0 = Debug|Any CPU
		{F1C7B25A-4918-402C-9893-5F29D8864DFB}.Debug|x64.ActiveCfg = Debug|Any CPU
		{F1C7B25A-4918-402C-9893-5F29D8864DFB}.Debug|x64.Build.0 = Debug|Any CPU
		{F1C7B25A-4918-402C-9893-5F29D8864DFB}.Debug|x86.ActiveCfg = Debug|Any CPU
		{F1C7B25A-4918-402C-9893-5F29D8864DFB}.Debug|x86.Build.0 = Debug|Any CPU
		{F1C7B25A-4918-402C-9893-5F29D8864DFB}.Release|Any CPU.ActiveCfg = Release|Any CPU
		{F1C7B25A-4918-402C-9893-5F29D8864DFB}.Release|Any CPU.Build.0 = Release|Any CPU
		{F1C7B25A-4918-402C-9893-5F29D8864DFB}.Release|x64.ActiveCfg = Release|Any CPU
		{F1C7B25A-4918-402C-9893-5F29D8864DFB}.Release|x64.Build.0 = Release|Any CPU
		{F1C7B25A-4918-402C-9893-5F29D8864DFB}.Release|x86.ActiveCfg = Release|Any CPU
		{F1C7B25A-4918-402C-9893-5F29D8864DFB}.Release|x86.Build.0 = Release|Any CPU
		{BDBA7373-1C2D-40A5-BE44-910259978AD1}.Debug|Any CPU.ActiveCfg = Debug|Any CPU
		{BDBA7373-1C2D-40A5-BE44-910259978AD1}.Debug|Any CPU.Build.0 = Debug|Any CPU
		{BDBA7373-1C2D-40A5-BE44-910259978AD1}.Debug|x64.ActiveCfg = Debug|Any CPU
		{BDBA7373-1C2D-40A5-BE44-910259978AD1}.Debug|x64.Build.0 = Debug|Any CPU
		{BDBA7373-1C2D-40A5-BE44-910259978AD1}.Debug|x86.ActiveCfg = Debug|Any CPU
		{BDBA7373-1C2D-40A5-BE44-910259978AD1}.Debug|x86.Build.0 = Debug|Any CPU
		{BDBA7373-1C2D-40A5-BE44-910259978AD1}.Release|Any CPU.ActiveCfg = Release|Any CPU
		{BDBA7373-1C2D-40A5-BE44-910259978AD1}.Release|Any CPU.Build.0 = Release|Any CPU
		{BDBA7373-1C2D-40A5-BE44-910259978AD1}.Release|x64.ActiveCfg = Release|Any CPU
		{BDBA7373-1C2D-40A5-BE44-910259978AD1}.Release|x64.Build.0 = Release|Any CPU
		{BDBA7373-1C2D-40A5-BE44-910259978AD1}.Release|x86.ActiveCfg = Release|Any CPU
		{BDBA7373-1C2D-40A5-BE44-910259978AD1}.Release|x86.Build.0 = Release|Any CPU
		{D5117828-0D3A-47AB-A887-F516124C80E0}.Debug|Any CPU.ActiveCfg = Debug|Any CPU
		{D5117828-0D3A-47AB-A887-F516124C80E0}.Debug|Any CPU.Build.0 = Debug|Any CPU
		{D5117828-0D3A-47AB-A887-F516124C80E0}.Debug|x64.ActiveCfg = Debug|Any CPU
		{D5117828-0D3A-47AB-A887-F516124C80E0}.Debug|x64.Build.0 = Debug|Any CPU
		{D5117828-0D3A-47AB-A887-F516124C80E0}.Debug|x86.ActiveCfg = Debug|Any CPU
		{D5117828-0D3A-47AB-A887-F516124C80E0}.Debug|x86.Build.0 = Debug|Any CPU
		{D5117828-0D3A-47AB-A887-F516124C80E0}.Release|Any CPU.ActiveCfg = Release|Any CPU
		{D5117828-0D3A-47AB-A887-F516124C80E0}.Release|Any CPU.Build.0 = Release|Any CPU
		{D5117828-0D3A-47AB-A887-F516124C80E0}.Release|x64.ActiveCfg = Release|Any CPU
		{D5117828-0D3A-47AB-A887-F516124C80E0}.Release|x64.Build.0 = Release|Any CPU
		{D5117828-0D3A-47AB-A887-F516124C80E0}.Release|x86.ActiveCfg = Release|Any CPU
		{D5117828-0D3A-47AB-A887-F516124C80E0}.Release|x86.Build.0 = Release|Any CPU
		{D6E2DA90-2B71-40DD-9A8A-3FAE0B9832AA}.Debug|Any CPU.ActiveCfg = Debug|Any CPU
		{D6E2DA90-2B71-40DD-9A8A-3FAE0B9832AA}.Debug|Any CPU.Build.0 = Debug|Any CPU
		{D6E2DA90-2B71-40DD-9A8A-3FAE0B9832AA}.Debug|x64.ActiveCfg = Debug|Any CPU
		{D6E2DA90-2B71-40DD-9A8A-3FAE0B9832AA}.Debug|x64.Build.0 = Debug|Any CPU
		{D6E2DA90-2B71-40DD-9A8A-3FAE0B9832AA}.Debug|x86.ActiveCfg = Debug|Any CPU
		{D6E2DA90-2B71-40DD-9A8A-3FAE0B9832AA}.Debug|x86.Build.0 = Debug|Any CPU
		{D6E2DA90-2B71-40DD-9A8A-3FAE0B9832AA}.Release|Any CPU.ActiveCfg = Release|Any CPU
		{D6E2DA90-2B71-40DD-9A8A-3FAE0B9832AA}.Release|Any CPU.Build.0 = Release|Any CPU
		{D6E2DA90-2B71-40DD-9A8A-3FAE0B9832AA}.Release|x64.ActiveCfg = Release|Any CPU
		{D6E2DA90-2B71-40DD-9A8A-3FAE0B9832AA}.Release|x64.Build.0 = Release|Any CPU
		{D6E2DA90-2B71-40DD-9A8A-3FAE0B9832AA}.Release|x86.ActiveCfg = Release|Any CPU
		{D6E2DA90-2B71-40DD-9A8A-3FAE0B9832AA}.Release|x86.Build.0 = Release|Any CPU
		{CF7BAECE-B75A-41CA-A663-3E7588DB0027}.Debug|Any CPU.ActiveCfg = Debug|Any CPU
		{CF7BAECE-B75A-41CA-A663-3E7588DB0027}.Debug|Any CPU.Build.0 = Debug|Any CPU
		{CF7BAECE-B75A-41CA-A663-3E7588DB0027}.Debug|x64.ActiveCfg = Debug|Any CPU
		{CF7BAECE-B75A-41CA-A663-3E7588DB0027}.Debug|x64.Build.0 = Debug|Any CPU
		{CF7BAECE-B75A-41CA-A663-3E7588DB0027}.Debug|x86.ActiveCfg = Debug|Any CPU
		{CF7BAECE-B75A-41CA-A663-3E7588DB0027}.Debug|x86.Build.0 = Debug|Any CPU
		{CF7BAECE-B75A-41CA-A663-3E7588DB0027}.Release|Any CPU.ActiveCfg = Release|Any CPU
		{CF7BAECE-B75A-41CA-A663-3E7588DB0027}.Release|Any CPU.Build.0 = Release|Any CPU
		{CF7BAECE-B75A-41CA-A663-3E7588DB0027}.Release|x64.ActiveCfg = Release|Any CPU
		{CF7BAECE-B75A-41CA-A663-3E7588DB0027}.Release|x64.Build.0 = Release|Any CPU
		{CF7BAECE-B75A-41CA-A663-3E7588DB0027}.Release|x86.ActiveCfg = Release|Any CPU
		{CF7BAECE-B75A-41CA-A663-3E7588DB0027}.Release|x86.Build.0 = Release|Any CPU
		{EEB666C3-ADF4-49A9-B77D-75791D5D629C}.Debug|Any CPU.ActiveCfg = Debug|Any CPU
		{EEB666C3-ADF4-49A9-B77D-75791D5D629C}.Debug|Any CPU.Build.0 = Debug|Any CPU
		{EEB666C3-ADF4-49A9-B77D-75791D5D629C}.Debug|x64.ActiveCfg = Debug|Any CPU
		{EEB666C3-ADF4-49A9-B77D-75791D5D629C}.Debug|x64.Build.0 = Debug|Any CPU
		{EEB666C3-ADF4-49A9-B77D-75791D5D629C}.Debug|x86.ActiveCfg = Debug|Any CPU
		{EEB666C3-ADF4-49A9-B77D-75791D5D629C}.Debug|x86.Build.0 = Debug|Any CPU
		{EEB666C3-ADF4-49A9-B77D-75791D5D629C}.Release|Any CPU.ActiveCfg = Release|Any CPU
		{EEB666C3-ADF4-49A9-B77D-75791D5D629C}.Release|Any CPU.Build.0 = Release|Any CPU
		{EEB666C3-ADF4-49A9-B77D-75791D5D629C}.Release|x64.ActiveCfg = Release|Any CPU
		{EEB666C3-ADF4-49A9-B77D-75791D5D629C}.Release|x64.Build.0 = Release|Any CPU
		{EEB666C3-ADF4-49A9-B77D-75791D5D629C}.Release|x86.ActiveCfg = Release|Any CPU
		{EEB666C3-ADF4-49A9-B77D-75791D5D629C}.Release|x86.Build.0 = Release|Any CPU
	EndGlobalSection
	GlobalSection(SolutionProperties) = preSolution
		HideSolutionNode = FALSE
	EndGlobalSection
	GlobalSection(NestedProjects) = preSolution
		{C8E42992-5E42-0C2B-DBFE-AA848D06431C} = {827E0CD3-B72D-47B6-A68D-7590B98EB39B}
		{D86C6501-C456-46E4-97D3-1BF4B39B3A28} = {C8E42992-5E42-0C2B-DBFE-AA848D06431C}
		{F2E93019-1389-4669-BAFE-C2F1FD0E5762} = {C8E42992-5E42-0C2B-DBFE-AA848D06431C}
		{136052B3-7473-4466-81C4-704C59879556} = {C8E42992-5E42-0C2B-DBFE-AA848D06431C}
		{0A9BFB36-9A01-485B-BFB1-0F8BBB74004D} = {C8E42992-5E42-0C2B-DBFE-AA848D06431C}
		{47CB46D0-6921-46DC-AA4E-AB55EE6C5FB7} = {C8E42992-5E42-0C2B-DBFE-AA848D06431C}
		{D7C25F42-AAC9-4822-AA08-CF29FB47FCC7} = {C8E42992-5E42-0C2B-DBFE-AA848D06431C}
		{33A84B8C-2C84-4069-BF06-A575C5D38D58} = {C8E42992-5E42-0C2B-DBFE-AA848D06431C}
		{63907FB4-2DE7-4AB9-8CB1-235D359CF63B} = {C8E42992-5E42-0C2B-DBFE-AA848D06431C}
		{18558FCD-474B-4084-B780-D27C88F39745} = {C8E42992-5E42-0C2B-DBFE-AA848D06431C}
		{F1C7B25A-4918-402C-9893-5F29D8864DFB} = {C8E42992-5E42-0C2B-DBFE-AA848D06431C}
		{BDBA7373-1C2D-40A5-BE44-910259978AD1} = {C8E42992-5E42-0C2B-DBFE-AA848D06431C}
		{D5117828-0D3A-47AB-A887-F516124C80E0} = {C8E42992-5E42-0C2B-DBFE-AA848D06431C}
		{D6E2DA90-2B71-40DD-9A8A-3FAE0B9832AA} = {C8E42992-5E42-0C2B-DBFE-AA848D06431C}
		{CF7BAECE-B75A-41CA-A663-3E7588DB0027} = {C8E42992-5E42-0C2B-DBFE-AA848D06431C}
		{EEB666C3-ADF4-49A9-B77D-75791D5D629C} = {C8E42992-5E42-0C2B-DBFE-AA848D06431C}
	EndGlobalSection
EndGlobal
